// !$*UTF8*$!
{
	archiveVersion = 1;
	classes = {
	};
	objectVersion = 46;
	objects = {

/* Begin PBXBuildFile section */
		4EA77E791990D2120088F740 /* Foundation.framework in Frameworks */ = {isa = PBXBuildFile; fileRef = 4EA77E781990D2120088F740 /* Foundation.framework */; };
		4EA77E7B1990D2120088F740 /* CoreGraphics.framework in Frameworks */ = {isa = PBXBuildFile; fileRef = 4EA77E7A1990D2120088F740 /* CoreGraphics.framework */; };
		4EA77E7D1990D2120088F740 /* UIKit.framework in Frameworks */ = {isa = PBXBuildFile; fileRef = 4EA77E7C1990D2120088F740 /* UIKit.framework */; };
		4EA77E831990D2120088F740 /* InfoPlist.strings in Resources */ = {isa = PBXBuildFile; fileRef = 4EA77E811990D2120088F740 /* InfoPlist.strings */; };
		4EA77E851990D2120088F740 /* main.m in Sources */ = {isa = PBXBuildFile; fileRef = 4EA77E841990D2120088F740 /* main.m */; };
		4EA77E891990D2120088F740 /* AppDelegate.m in Sources */ = {isa = PBXBuildFile; fileRef = 4EA77E881990D2120088F740 /* AppDelegate.m */; };
		4EA77E8B1990D2120088F740 /* Images.xcassets in Resources */ = {isa = PBXBuildFile; fileRef = 4EA77E8A1990D2120088F740 /* Images.xcassets */; };
		4EA77E921990D2120088F740 /* XCTest.framework in Frameworks */ = {isa = PBXBuildFile; fileRef = 4EA77E911990D2120088F740 /* XCTest.framework */; };
		4EA77E931990D2120088F740 /* Foundation.framework in Frameworks */ = {isa = PBXBuildFile; fileRef = 4EA77E781990D2120088F740 /* Foundation.framework */; };
		4EA77E941990D2120088F740 /* UIKit.framework in Frameworks */ = {isa = PBXBuildFile; fileRef = 4EA77E7C1990D2120088F740 /* UIKit.framework */; };
		4EA77E9C1990D2120088F740 /* InfoPlist.strings in Resources */ = {isa = PBXBuildFile; fileRef = 4EA77E9A1990D2120088F740 /* InfoPlist.strings */; };
		4EA77E9E1990D2120088F740 /* _____1__0805Tests.m in Sources */ = {isa = PBXBuildFile; fileRef = 4EA77E9D1990D2120088F740 /* _____1__0805Tests.m */; };
/* End PBXBuildFile section */

/* Begin PBXContainerItemProxy section */
		4EA77E951990D2120088F740 /* PBXContainerItemProxy */ = {
			isa = PBXContainerItemProxy;
			containerPortal = 4EA77E6D1990D2120088F740 /* Project object */;
			proxyType = 1;
			remoteGlobalIDString = 4EA77E741990D2120088F740;
			remoteInfo = "婚礼记-(1)_0805";
		};
/* End PBXContainerItemProxy section */

/* Begin PBXFileReference section */
		4EA77E751990D2120088F740 /* 婚礼记-(1)_0805.app */ = {isa = PBXFileReference; explicitFileType = wrapper.application; includeInIndex = 0; path = "婚礼记-(1)_0805.app"; sourceTree = BUILT_PRODUCTS_DIR; };
		4EA77E781990D2120088F740 /* Foundation.framework */ = {isa = PBXFileReference; lastKnownFileType = wrapper.framework; name = Foundation.framework; path = System/Library/Frameworks/Foundation.framework; sourceTree = SDKROOT; };
		4EA77E7A1990D2120088F740 /* CoreGraphics.framework */ = {isa = PBXFileReference; lastKnownFileType = wrapper.framework; name = CoreGraphics.framework; path = System/Library/Frameworks/CoreGraphics.framework; sourceTree = SDKROOT; };
		4EA77E7C1990D2120088F740 /* UIKit.framework */ = {isa = PBXFileReference; lastKnownFileType = wrapper.framework; name = UIKit.framework; path = System/Library/Frameworks/UIKit.framework; sourceTree = SDKROOT; };
		4EA77E801990D2120088F740 /* 婚礼记-(1)_0805-Info.plist */ = {isa = PBXFileReference; lastKnownFileType = text.plist.xml; path = "婚礼记-(1)_0805-Info.plist"; sourceTree = "<group>"; };
		4EA77E821990D2120088F740 /* en */ = {isa = PBXFileReference; lastKnownFileType = text.plist.strings; name = en; path = en.lproj/InfoPlist.strings; sourceTree = "<group>"; };
		4EA77E841990D2120088F740 /* main.m */ = {isa = PBXFileReference; lastKnownFileType = sourcecode.c.objc; path = main.m; sourceTree = "<group>"; };
		4EA77E861990D2120088F740 /* 婚礼记-(1)_0805-Prefix.pch */ = {isa = PBXFileReference; lastKnownFileType = sourcecode.c.h; path = "婚礼记-(1)_0805-Prefix.pch"; sourceTree = "<group>"; };
		4EA77E871990D2120088F740 /* AppDelegate.h */ = {isa = PBXFileReference; lastKnownFileType = sourcecode.c.h; path = AppDelegate.h; sourceTree = "<group>"; };
		4EA77E881990D2120088F740 /* AppDelegate.m */ = {isa = PBXFileReference; lastKnownFileType = sourcecode.c.objc; path = AppDelegate.m; sourceTree = "<group>"; };
		4EA77E8A1990D2120088F740 /* Images.xcassets */ = {isa = PBXFileReference; lastKnownFileType = folder.assetcatalog; path = Images.xcassets; sourceTree = "<group>"; };
		4EA77E901990D2120088F740 /* 婚礼记-(1)_0805Tests.xctest */ = {isa = PBXFileReference; explicitFileType = wrapper.cfbundle; includeInIndex = 0; path = "婚礼记-(1)_0805Tests.xctest"; sourceTree = BUILT_PRODUCTS_DIR; };
		4EA77E911990D2120088F740 /* XCTest.framework */ = {isa = PBXFileReference; lastKnownFileType = wrapper.framework; name = XCTest.framework; path = Library/Frameworks/XCTest.framework; sourceTree = DEVELOPER_DIR; };
		4EA77E991990D2120088F740 /* 婚礼记-(1)_0805Tests-Info.plist */ = {isa = PBXFileReference; lastKnownFileType = text.plist.xml; path = "婚礼记-(1)_0805Tests-Info.plist"; sourceTree = "<group>"; };
		4EA77E9B1990D2120088F740 /* en */ = {isa = PBXFileReference; lastKnownFileType = text.plist.strings; name = en; path = en.lproj/InfoPlist.strings; sourceTree = "<group>"; };
		4EA77E9D1990D2120088F740 /* _____1__0805Tests.m */ = {isa = PBXFileReference; lastKnownFileType = sourcecode.c.objc; path = "_____1__0805Tests.m"; sourceTree = "<group>"; };
/* End PBXFileReference section */

/* Begin PBXFrameworksBuildPhase section */
		4EA77E721990D2120088F740 /* Frameworks */ = {
			isa = PBXFrameworksBuildPhase;
			buildActionMask = 2147483647;
			files = (
				4EA77E7B1990D2120088F740 /* CoreGraphics.framework in Frameworks */,
				4EA77E7D1990D2120088F740 /* UIKit.framework in Frameworks */,
				4EA77E791990D2120088F740 /* Foundation.framework in Frameworks */,
			);
			runOnlyForDeploymentPostprocessing = 0;
		};
		4EA77E8D1990D2120088F740 /* Frameworks */ = {
			isa = PBXFrameworksBuildPhase;
			buildActionMask = 2147483647;
			files = (
				4EA77E921990D2120088F740 /* XCTest.framework in Frameworks */,
				4EA77E941990D2120088F740 /* UIKit.framework in Frameworks */,
				4EA77E931990D2120088F740 /* Foundation.framework in Frameworks */,
			);
			runOnlyForDeploymentPostprocessing = 0;
		};
/* End PBXFrameworksBuildPhase section */

/* Begin PBXGroup section */
		4EA77E6C1990D2120088F740 = {
			isa = PBXGroup;
			children = (
				4EA77E7E1990D2120088F740 /* 婚礼记-(1)_0805 */,
				4EA77E971990D2120088F740 /* 婚礼记-(1)_0805Tests */,
				4EA77E771990D2120088F740 /* Frameworks */,
				4EA77E761990D2120088F740 /* Products */,
			);
			sourceTree = "<group>";
		};
		4EA77E761990D2120088F740 /* Products */ = {
			isa = PBXGroup;
			children = (
				4EA77E751990D2120088F740 /* 婚礼记-(1)_0805.app */,
				4EA77E901990D2120088F740 /* 婚礼记-(1)_0805Tests.xctest */,
			);
			name = Products;
			sourceTree = "<group>";
		};
		4EA77E771990D2120088F740 /* Frameworks */ = {
			isa = PBXGroup;
			children = (
				4EA77E781990D2120088F740 /* Foundation.framework */,
				4EA77E7A1990D2120088F740 /* CoreGraphics.framework */,
				4EA77E7C1990D2120088F740 /* UIKit.framework */,
				4EA77E911990D2120088F740 /* XCTest.framework */,
			);
			name = Frameworks;
			sourceTree = "<group>";
		};
		4EA77E7E1990D2120088F740 /* 婚礼记-(1)_0805 */ = {
			isa = PBXGroup;
			children = (
				4EA77E871990D2120088F740 /* AppDelegate.h */,
				4EA77E881990D2120088F740 /* AppDelegate.m */,
				4EA77E8A1990D2120088F740 /* Images.xcassets */,
				4EA77E7F1990D2120088F740 /* Supporting Files */,
			);
			path = "婚礼记-(1)_0805";
			sourceTree = "<group>";
		};
		4EA77E7F1990D2120088F740 /* Supporting Files */ = {
			isa = PBXGroup;
			children = (
				4EA77E801990D2120088F740 /* 婚礼记-(1)_0805-Info.plist */,
				4EA77E811990D2120088F740 /* InfoPlist.strings */,
				4EA77E841990D2120088F740 /* main.m */,
				4EA77E861990D2120088F740 /* 婚礼记-(1)_0805-Prefix.pch */,
			);
			name = "Supporting Files";
			sourceTree = "<group>";
		};
		4EA77E971990D2120088F740 /* 婚礼记-(1)_0805Tests */ = {
			isa = PBXGroup;
			children = (
				4EA77E9D1990D2120088F740 /* _____1__0805Tests.m */,
				4EA77E981990D2120088F740 /* Supporting Files */,
			);
			path = "婚礼记-(1)_0805Tests";
			sourceTree = "<group>";
		};
		4EA77E981990D2120088F740 /* Supporting Files */ = {
			isa = PBXGroup;
			children = (
				4EA77E991990D2120088F740 /* 婚礼记-(1)_0805Tests-Info.plist */,
				4EA77E9A1990D2120088F740 /* InfoPlist.strings */,
			);
			name = "Supporting Files";
			sourceTree = "<group>";
		};
/* End PBXGroup section */

/* Begin PBXNativeTarget section */
		4EA77E741990D2120088F740 /* 婚礼记-(1)_0805 */ = {
			isa = PBXNativeTarget;
			buildConfigurationList = 4EA77EA11990D2120088F740 /* Build configuration list for PBXNativeTarget "婚礼记-(1)_0805" */;
			buildPhases = (
				4EA77E711990D2120088F740 /* Sources */,
				4EA77E721990D2120088F740 /* Frameworks */,
				4EA77E731990D2120088F740 /* Resources */,
			);
			buildRules = (
			);
			dependencies = (
			);
			name = "婚礼记-(1)_0805";
			productName = "婚礼记-(1)_0805";
			productReference = 4EA77E751990D2120088F740 /* 婚礼记-(1)_0805.app */;
			productType = "com.apple.product-type.application";
		};
		4EA77E8F1990D2120088F740 /* 婚礼记-(1)_0805Tests */ = {
			isa = PBXNativeTarget;
			buildConfigurationList = 4EA77EA41990D2120088F740 /* Build configuration list for PBXNativeTarget "婚礼记-(1)_0805Tests" */;
			buildPhases = (
				4EA77E8C1990D2120088F740 /* Sources */,
				4EA77E8D1990D2120088F740 /* Frameworks */,
				4EA77E8E1990D2120088F740 /* Resources */,
			);
			buildRules = (
			);
			dependencies = (
				4EA77E961990D2120088F740 /* PBXTargetDependency */,
			);
			name = "婚礼记-(1)_0805Tests";
			productName = "婚礼记-(1)_0805Tests";
			productReference = 4EA77E901990D2120088F740 /* 婚礼记-(1)_0805Tests.xctest */;
			productType = "com.apple.product-type.bundle.unit-test";
		};
/* End PBXNativeTarget section */

/* Begin PBXProject section */
		4EA77E6D1990D2120088F740 /* Project object */ = {
			isa = PBXProject;
			attributes = {
				LastUpgradeCheck = 0510;
				ORGANIZATIONNAME = "___FULLUSERNAME___";
				TargetAttributes = {
					4EA77E8F1990D2120088F740 = {
						TestTargetID = 4EA77E741990D2120088F740;
					};
				};
			};
			buildConfigurationList = 4EA77E701990D2120088F740 /* Build configuration list for PBXProject "婚礼记-(1)_0805" */;
			compatibilityVersion = "Xcode 3.2";
			developmentRegion = English;
			hasScannedForEncodings = 0;
			knownRegions = (
				en,
			);
			mainGroup = 4EA77E6C1990D2120088F740;
			productRefGroup = 4EA77E761990D2120088F740 /* Products */;
			projectDirPath = "";
			projectRoot = "";
			targets = (
				4EA77E741990D2120088F740 /* 婚礼记-(1)_0805 */,
				4EA77E8F1990D2120088F740 /* 婚礼记-(1)_0805Tests */,
			);
		};
/* End PBXProject section */

/* Begin PBXResourcesBuildPhase section */
		4EA77E731990D2120088F740 /* Resources */ = {
			isa = PBXResourcesBuildPhase;
			buildActionMask = 2147483647;
			files = (
				4EA77E831990D2120088F740 /* InfoPlist.strings in Resources */,
				4EA77E8B1990D2120088F740 /* Images.xcassets in Resources */,
			);
			runOnlyForDeploymentPostprocessing = 0;
		};
		4EA77E8E1990D2120088F740 /* Resources */ = {
			isa = PBXResourcesBuildPhase;
			buildActionMask = 2147483647;
			files = (
				4EA77E9C1990D2120088F740 /* InfoPlist.strings in Resources */,
			);
			runOnlyForDeploymentPostprocessing = 0;
		};
/* End PBXResourcesBuildPhase section */

/* Begin PBXSourcesBuildPhase section */
		4EA77E711990D2120088F740 /* Sources */ = {
			isa = PBXSourcesBuildPhase;
			buildActionMask = 2147483647;
			files = (
				4EA77E891990D2120088F740 /* AppDelegate.m in Sources */,
				4EA77E851990D2120088F740 /* main.m in Sources */,
			);
			runOnlyForDeploymentPostprocessing = 0;
		};
		4EA77E8C1990D2120088F740 /* Sources */ = {
			isa = PBXSourcesBuildPhase;
			buildActionMask = 2147483647;
			files = (
				4EA77E9E1990D2120088F740 /* _____1__0805Tests.m in Sources */,
			);
			runOnlyForDeploymentPostprocessing = 0;
		};
/* End PBXSourcesBuildPhase section */

/* Begin PBXTargetDependency section */
		4EA77E961990D2120088F740 /* PBXTargetDependency */ = {
			isa = PBXTargetDependency;
			target = 4EA77E741990D2120088F740 /* 婚礼记-(1)_0805 */;
			targetProxy = 4EA77E951990D2120088F740 /* PBXContainerItemProxy */;
		};
/* End PBXTargetDependency section */

/* Begin PBXVariantGroup section */
		4EA77E811990D2120088F740 /* InfoPlist.strings */ = {
			isa = PBXVariantGroup;
			children = (
				4EA77E821990D2120088F740 /* en */,
			);
			name = InfoPlist.strings;
			sourceTree = "<group>";
		};
		4EA77E9A1990D2120088F740 /* InfoPlist.strings */ = {
			isa = PBXVariantGroup;
			children = (
				4EA77E9B1990D2120088F740 /* en */,
			);
			name = InfoPlist.strings;
			sourceTree = "<group>";
		};
/* End PBXVariantGroup section */

/* Begin XCBuildConfiguration section */
		4EA77E9F1990D2120088F740 /* Debug */ = {
			isa = XCBuildConfiguration;
			buildSettings = {
				ALWAYS_SEARCH_USER_PATHS = NO;
				CLANG_CXX_LANGUAGE_STANDARD = "gnu++0x";
				CLANG_CXX_LIBRARY = "libc++";
				CLANG_ENABLE_MODULES = YES;
				CLANG_ENABLE_OBJC_ARC = YES;
				CLANG_WARN_BOOL_CONVERSION = YES;
				CLANG_WARN_CONSTANT_CONVERSION = YES;
				CLANG_WARN_DIRECT_OBJC_ISA_USAGE = YES_ERROR;
				CLANG_WARN_EMPTY_BODY = YES;
				CLANG_WARN_ENUM_CONVERSION = YES;
				CLANG_WARN_INT_CONVERSION = YES;
				CLANG_WARN_OBJC_ROOT_CLASS = YES_ERROR;
				CLANG_WARN__DUPLICATE_METHOD_MATCH = YES;
				"CODE_SIGN_IDENTITY[sdk=iphoneos*]" = "iPhone Developer";
				COPY_PHASE_STRIP = NO;
				GCC_C_LANGUAGE_STANDARD = gnu99;
				GCC_DYNAMIC_NO_PIC = NO;
				GCC_OPTIMIZATION_LEVEL = 0;
				GCC_PREPROCESSOR_DEFINITIONS = (
					"DEBUG=1",
					"$(inherited)",
				);
				GCC_SYMBOLS_PRIVATE_EXTERN = NO;
				GCC_WARN_64_TO_32_BIT_CONVERSION = YES;
				GCC_WARN_ABOUT_RETURN_TYPE = YES_ERROR;
				GCC_WARN_UNDECLARED_SELECTOR = YES;
				GCC_WARN_UNINITIALIZED_AUTOS = YES_AGGRESSIVE;
				GCC_WARN_UNUSED_FUNCTION = YES;
				GCC_WARN_UNUSED_VARIABLE = YES;
				IPHONEOS_DEPLOYMENT_TARGET = 7.1;
				ONLY_ACTIVE_ARCH = YES;
				SDKROOT = iphoneos;
				TARGETED_DEVICE_FAMILY = "1,2";
			};
			name = Debug;
		};
		4EA77EA01990D2120088F740 /* Release */ = {
			isa = XCBuildConfiguration;
			buildSettings = {
				ALWAYS_SEARCH_USER_PATHS = NO;
				CLANG_CXX_LANGUAGE_STANDARD = "gnu++0x";
				CLANG_CXX_LIBRARY = "libc++";
				CLANG_ENABLE_MODULES = YES;
				CLANG_ENABLE_OBJC_ARC = YES;
				CLANG_WARN_BOOL_CONVERSION = YES;
				CLANG_WARN_CONSTANT_CONVERSION = YES;
				CLANG_WARN_DIRECT_OBJC_ISA_USAGE = YES_ERROR;
				CLANG_WARN_EMPTY_BODY = YES;
				CLANG_WARN_ENUM_CONVERSION = YES;
				CLANG_WARN_INT_CONVERSION = YES;
				CLANG_WARN_OBJC_ROOT_CLASS = YES_ERROR;
				CLANG_WARN__DUPLICATE_METHOD_MATCH = YES;
				"CODE_SIGN_IDENTITY[sdk=iphoneos*]" = "iPhone Developer";
				COPY_PHASE_STRIP = YES;
				ENABLE_NS_ASSERTIONS = NO;
				GCC_C_LANGUAGE_STANDARD = gnu99;
				GCC_WARN_64_TO_32_BIT_CONVERSION = YES;
				GCC_WARN_ABOUT_RETURN_TYPE = YES_ERROR;
				GCC_WARN_UNDECLARED_SELECTOR = YES;
				GCC_WARN_UNINITIALIZED_AUTOS = YES_AGGRESSIVE;
				GCC_WARN_UNUSED_FUNCTION = YES;
				GCC_WARN_UNUSED_VARIABLE = YES;
				IPHONEOS_DEPLOYMENT_TARGET = 7.1;
				SDKROOT = iphoneos;
				TARGETED_DEVICE_FAMILY = "1,2";
				VALIDATE_PRODUCT = YES;
			};
			name = Release;
		};
		4EA77EA21990D2120088F740 /* Debug */ = {
			isa = XCBuildConfiguration;
			buildSettings = {
				ASSETCATALOG_COMPILER_APPICON_NAME = AppIcon;
				ASSETCATALOG_COMPILER_LAUNCHIMAGE_NAME = LaunchImage;
				GCC_PRECOMPILE_PREFIX_HEADER = YES;
				GCC_PREFIX_HEADER = "婚礼记-(1)_0805/婚礼记-(1)_0805-Prefix.pch";
				INFOPLIST_FILE = "婚礼记-(1)_0805/婚礼记-(1)_0805-Info.plist";
				PRODUCT_NAME = "$(TARGET_NAME)";
				WRAPPER_EXTENSION = app;
			};
			name = Debug;
		};
		4EA77EA31990D2120088F740 /* Release */ = {
			isa = XCBuildConfiguration;
			buildSettings = {
				ASSETCATALOG_COMPILER_APPICON_NAME = AppIcon;
				ASSETCATALOG_COMPILER_LAUNCHIMAGE_NAME = LaunchImage;
				GCC_PRECOMPILE_PREFIX_HEADER = YES;
				GCC_PREFIX_HEADER = "婚礼记-(1)_0805/婚礼记-(1)_0805-Prefix.pch";
				INFOPLIST_FILE = "婚礼记-(1)_0805/婚礼记-(1)_0805-Info.plist";
				PRODUCT_NAME = "$(TARGET_NAME)";
				WRAPPER_EXTENSION = app;
			};
			name = Release;
		};
		4EA77EA51990D2120088F740 /* Debug */ = {
			isa = XCBuildConfiguration;
			buildSettings = {
				BUNDLE_LOADER = "$(BUILT_PRODUCTS_DIR)/婚礼记-(1)_0805.app/婚礼记-(1)_0805";
				FRAMEWORK_SEARCH_PATHS = (
					"$(SDKROOT)/Developer/Library/Frameworks",
					"$(inherited)",
					"$(DEVELOPER_FRAMEWORKS_DIR)",
				);
				GCC_PRECOMPILE_PREFIX_HEADER = YES;
				GCC_PREFIX_HEADER = "婚礼记-(1)_0805/婚礼记-(1)_0805-Prefix.pch";
				GCC_PREPROCESSOR_DEFINITIONS = (
					"DEBUG=1",
					"$(inherited)",
				);
				INFOPLIST_FILE = "婚礼记-(1)_0805Tests/婚礼记-(1)_0805Tests-Info.plist";
				PRODUCT_NAME = "$(TARGET_NAME)";
				TEST_HOST = "$(BUNDLE_LOADER)";
				WRAPPER_EXTENSION = xctest;
			};
			name = Debug;
		};
		4EA77EA61990D2120088F740 /* Release */ = {
			isa = XCBuildConfiguration;
			buildSettings = {
				BUNDLE_LOADER = "$(BUILT_PRODUCTS_DIR)/婚礼记-(1)_0805.app/婚礼记-(1)_0805";
				FRAMEWORK_SEARCH_PATHS = (
					"$(SDKROOT)/Developer/Library/Frameworks",
					"$(inherited)",
					"$(DEVELOPER_FRAMEWORKS_DIR)",
				);
				GCC_PRECOMPILE_PREFIX_HEADER = YES;
				GCC_PREFIX_HEADER = "婚礼记-(1)_0805/婚礼记-(1)_0805-Prefix.pch";
				INFOPLIST_FILE = "婚礼记-(1)_0805Tests/婚礼记-(1)_0805Tests-Info.plist";
				PRODUCT_NAME = "$(TARGET_NAME)";
				TEST_HOST = "$(BUNDLE_LOADER)";
				WRAPPER_EXTENSION = xctest;
			};
			name = Release;
		};
/* End XCBuildConfiguration section */

/* Begin XCConfigurationList section */
		4EA77E701990D2120088F740 /* Build configuration list for PBXProject "婚礼记-(1)_0805" */ = {
			isa = XCConfigurationList;
			buildConfigurations = (
				4EA77E9F1990D2120088F740 /* Debug */,
				4EA77EA01990D2120088F740 /* Release */,
			);
			defaultConfigurationIsVisible = 0;
			defaultConfigurationName = Release;
		};
		4EA77EA11990D2120088F740 /* Build configuration list for PBXNativeTarget "婚礼记-(1)_0805" */ = {
			isa = XCConfigurationList;
			buildConfigurations = (
				4EA77EA21990D2120088F740 /* Debug */,
				4EA77EA31990D2120088F740 /* Release */,
			);
			defaultConfigurationIsVisible = 0;
		};
		4EA77EA41990D2120088F740 /* Build configuration list for PBXNativeTarget "婚礼记-(1)_0805Tests" */ = {
			isa = XCConfigurationList;
			buildConfigurations = (
				4EA77EA51990D2120088F740 /* Debug */,
				4EA77EA61990D2120088F740 /* Release */,
			);
			defaultConfigurationIsVisible = 0;
		};
/* End XCConfigurationList section */
	};
	rootObject = 4EA77E6D1990D2120088F740 /* Project object */;
}
